
Microsoft Visual Studio Solution File, Format Version 12.00
# Visual Studio Version 16
VisualStudioVersion = 16.0.29728.190
MinimumVisualStudioVersion = 10.0.40219.1
Project("{FAE04EC0-301F-11D3-BF4B-00C04F79EFBC}") = "VendasWebMvc", "VendasWebMvc\VendasWebMvc.csproj", "{F3613E27-E0FE-4FA0-8C84-4721336697ED}"
EndProject
Global
	GlobalSection(SolutionConfigurationPlatforms) = preSolution
		Debug|Any CPU = Debug|Any CPU
		Release|Any CPU = Release|Any CPU
	EndGlobalSection
	GlobalSection(ProjectConfigurationPlatforms) = postSolution
		{F3613E27-E0FE-4FA0-8C84-4721336697ED}.Debug|Any CPU.ActiveCfg = Debug|Any CPU
		{F3613E27-E0FE-4FA0-8C84-4721336697ED}.Debug|Any CPU.Build.0 = Debug|Any CPU
		{F3613E27-E0FE-4FA0-8C84-4721336697ED}.Release|Any CPU.ActiveCfg = Release|Any CPU
		{F3613E27-E0FE-4FA0-8C84-4721336697ED}.Release|Any CPU.Build.0 = Release|Any CPU
	EndGlobalSection
	GlobalSection(SolutionProperties) = preSolution
		HideSolutionNode = FALSE
	EndGlobalSection
	GlobalSection(ExtensibilityGlobals) = postSolution
		SolutionGuid = {B473D7F9-DEFB-427E-BD38-B9AF25E523C8}
	EndGlobalSection
EndGlobal
